
Microsoft Visual Studio Solution File, Format Version 12.00
# Visual Studio Version 16
VisualStudioVersion = 16.0.31005.135
MinimumVisualStudioVersion = 10.0.40219.1
Project("{FAE04EC0-301F-11D3-BF4B-00C04F79EFBC}") = "PaperTradeAPI", "PaperTradeAPI.csproj", "{23493A00-8E93-42A6-A6F6-6C1EF589BC38}"
EndProject
Global
	GlobalSection(SolutionConfigurationPlatforms) = preSolution
		Debug|Any CPU = Debug|Any CPU
		Release|Any CPU = Release|Any CPU
	EndGlobalSection
	GlobalSection(ProjectConfigurationPlatforms) = postSolution
		{23493A00-8E93-42A6-A6F6-6C1EF589BC38}.Debug|Any CPU.ActiveCfg = Debug|Any CPU
		{23493A00-8E93-42A6-A6F6-6C1EF589BC38}.Debug|Any CPU.Build.0 = Debug|Any CPU
		{23493A00-8E93-42A6-A6F6-6C1EF589BC38}.Release|Any CPU.ActiveCfg = Release|Any CPU
		{23493A00-8E93-42A6-A6F6-6C1EF589BC38}.Release|Any CPU.Build.0 = Release|Any CPU
	EndGlobalSection
	GlobalSection(SolutionProperties) = preSolution
		HideSolutionNode = FALSE
	EndGlobalSection
	GlobalSection(ExtensibilityGlobals) = postSolution
		SolutionGuid = {7F7AFC58-B961-4379-A9A6-62046967D63A}
	EndGlobalSection
EndGlobal
